
Microsoft Visual Studio Solution File, Format Version 12.00
# Visual Studio Version 16
VisualStudioVersion = 16.0.29519.87
MinimumVisualStudioVersion = 10.0.40219.1
Project("{FAE04EC0-301F-11D3-BF4B-00C04F79EFBC}") = "Lesson2SP", "Lesson2SP\Lesson2SP.csproj", "{1150B799-8CD5-4752-9B6E-E5F82DE4ECB9}"
EndProject
Global
	GlobalSection(SolutionConfigurationPlatforms) = preSolution
		Debug|Any CPU = Debug|Any CPU
		Release|Any CPU = Release|Any CPU
	EndGlobalSection
	GlobalSection(ProjectConfigurationPlatforms) = postSolution
		{1150B799-8CD5-4752-9B6E-E5F82DE4ECB9}.Debug|Any CPU.ActiveCfg = Debug|Any CPU
		{1150B799-8CD5-4752-9B6E-E5F82DE4ECB9}.Debug|Any CPU.Build.0 = Debug|Any CPU
		{1150B799-8CD5-4752-9B6E-E5F82DE4ECB9}.Release|Any CPU.ActiveCfg = Release|Any CPU
		{1150B799-8CD5-4752-9B6E-E5F82DE4ECB9}.Release|Any CPU.Build.0 = Release|Any CPU
	EndGlobalSection
	GlobalSection(SolutionProperties) = preSolution
		HideSolutionNode = FALSE
	EndGlobalSection
	GlobalSection(ExtensibilityGlobals) = postSolution
		SolutionGuid = {B4972D7C-A1B1-4809-9A69-89E4E1C31330}
	EndGlobalSection
EndGlobal
